// !$*UTF8*$!
{
	archiveVersion = 1;
	classes = {
	};
	objectVersion = 55;
	objects = {

/* Begin PBXBuildFile section */
		AEF02ECB2897FF0F00B50B28 /* AppDelegate.swift in Sources */ = {isa = PBXBuildFile; fileRef = AEF02ECA2897FF0F00B50B28 /* AppDelegate.swift */; };
		AEF02ECD2897FF0F00B50B28 /* SceneDelegate.swift in Sources */ = {isa = PBXBuildFile; fileRef = AEF02ECC2897FF0F00B50B28 /* SceneDelegate.swift */; };
		AEF02ECF2897FF0F00B50B28 /* ViewController.swift in Sources */ = {isa = PBXBuildFile; fileRef = AEF02ECE2897FF0F00B50B28 /* ViewController.swift */; };
		AEF02ED22897FF0F00B50B28 /* Main.storyboard in Resources */ = {isa = PBXBuildFile; fileRef = AEF02ED02897FF0F00B50B28 /* Main.storyboard */; };
		AEF02ED52897FF0F00B50B28 /* PokemonGO.xcdatamodeld in Sources */ = {isa = PBXBuildFile; fileRef = AEF02ED32897FF0F00B50B28 /* PokemonGO.xcdatamodeld */; };
		AEF02ED72897FF1300B50B28 /* Assets.xcassets in Resources */ = {isa = PBXBuildFile; fileRef = AEF02ED62897FF1300B50B28 /* Assets.xcassets */; };
		AEF02EDA2897FF1300B50B28 /* LaunchScreen.storyboard in Resources */ = {isa = PBXBuildFile; fileRef = AEF02ED82897FF1300B50B28 /* LaunchScreen.storyboard */; };
		AEF02EE32897FFCD00B50B28 /* MapKit.framework in Frameworks */ = {isa = PBXBuildFile; fileRef = AEF02EE22897FFCD00B50B28 /* MapKit.framework */; };
		AEF02EE52899AD2E00B50B28 /* CoreDataPokemon.swift in Sources */ = {isa = PBXBuildFile; fileRef = AEF02EE42899AD2E00B50B28 /* CoreDataPokemon.swift */; };
		AEF02EE7289AE1BE00B50B28 /* PokemonAnnotation.swift in Sources */ = {isa = PBXBuildFile; fileRef = AEF02EE6289AE1BE00B50B28 /* PokemonAnnotation.swift */; };
		AEF02EE9289AEC2900B50B28 /* PokeDexViewController.swift in Sources */ = {isa = PBXBuildFile; fileRef = AEF02EE8289AEC2900B50B28 /* PokeDexViewController.swift */; };
/* End PBXBuildFile section */

/* Begin PBXFileReference section */
		AEF02EC72897FF0F00B50B28 /* PokemonGO.app */ = {isa = PBXFileReference; explicitFileType = wrapper.application; includeInIndex = 0; path = PokemonGO.app; sourceTree = BUILT_PRODUCTS_DIR; };
		AEF02ECA2897FF0F00B50B28 /* AppDelegate.swift */ = {isa = PBXFileReference; lastKnownFileType = sourcecode.swift; path = AppDelegate.swift; sourceTree = "<group>"; };
		AEF02ECC2897FF0F00B50B28 /* SceneDelegate.swift */ = {isa = PBXFileReference; lastKnownFileType = sourcecode.swift; path = SceneDelegate.swift; sourceTree = "<group>"; };
		AEF02ECE2897FF0F00B50B28 /* ViewController.swift */ = {isa = PBXFileReference; lastKnownFileType = sourcecode.swift; path = ViewController.swift; sourceTree = "<group>"; };
		AEF02ED12897FF0F00B50B28 /* Base */ = {isa = PBXFileReference; lastKnownFileType = file.storyboard; name = Base; path = Base.lproj/Main.storyboard; sourceTree = "<group>"; };
		AEF02ED42897FF0F00B50B28 /* PokemonGO.xcdatamodel */ = {isa = PBXFileReference; lastKnownFileType = wrapper.xcdatamodel; path = PokemonGO.xcdatamodel; sourceTree = "<group>"; };
		AEF02ED62897FF1300B50B28 /* Assets.xcassets */ = {isa = PBXFileReference; lastKnownFileType = folder.assetcatalog; path = Assets.xcassets; sourceTree = "<group>"; };
		AEF02ED92897FF1300B50B28 /* Base */ = {isa = PBXFileReference; lastKnownFileType = file.storyboard; name = Base; path = Base.lproj/LaunchScreen.storyboard; sourceTree = "<group>"; };
		AEF02EDB2897FF1300B50B28 /* Info.plist */ = {isa = PBXFileReference; lastKnownFileType = text.plist.xml; path = Info.plist; sourceTree = "<group>"; };
		AEF02EE22897FFCD00B50B28 /* MapKit.framework */ = {isa = PBXFileReference; lastKnownFileType = wrapper.framework; name = MapKit.framework; path = System/Library/Frameworks/MapKit.framework; sourceTree = SDKROOT; };
		AEF02EE42899AD2E00B50B28 /* CoreDataPokemon.swift */ = {isa = PBXFileReference; lastKnownFileType = sourcecode.swift; path = CoreDataPokemon.swift; sourceTree = "<group>"; };
		AEF02EE6289AE1BE00B50B28 /* PokemonAnnotation.swift */ = {isa = PBXFileReference; lastKnownFileType = sourcecode.swift; path = PokemonAnnotation.swift; sourceTree = "<group>"; };
		AEF02EE8289AEC2900B50B28 /* PokeDexViewController.swift */ = {isa = PBXFileReference; lastKnownFileType = sourcecode.swift; path = PokeDexViewController.swift; sourceTree = "<group>"; };
/* End PBXFileReference section */

/* Begin PBXFrameworksBuildPhase section */
		AEF02EC42897FF0F00B50B28 /* Frameworks */ = {
			isa = PBXFrameworksBuildPhase;
			buildActionMask = 2147483647;
			files = (
				AEF02EE32897FFCD00B50B28 /* MapKit.framework in Frameworks */,
			);
			runOnlyForDeploymentPostprocessing = 0;
		};
/* End PBXFrameworksBuildPhase section */

/* Begin PBXGroup section */
		AEF02EBE2897FF0E00B50B28 = {
			isa = PBXGroup;
			children = (
				AEF02EC92897FF0F00B50B28 /* PokemonGO */,
				AEF02EC82897FF0F00B50B28 /* Products */,
				AEF02EE12897FFCD00B50B28 /* Frameworks */,
			);
			sourceTree = "<group>";
		};
		AEF02EC82897FF0F00B50B28 /* Products */ = {
			isa = PBXGroup;
			children = (
				AEF02EC72897FF0F00B50B28 /* PokemonGO.app */,
			);
			name = Products;
			sourceTree = "<group>";
		};
		AEF02EC92897FF0F00B50B28 /* PokemonGO */ = {
			isa = PBXGroup;
			children = (
				AEF02ECA2897FF0F00B50B28 /* AppDelegate.swift */,
				AEF02ECC2897FF0F00B50B28 /* SceneDelegate.swift */,
				AEF02ECE2897FF0F00B50B28 /* ViewController.swift */,
				AEF02EE8289AEC2900B50B28 /* PokeDexViewController.swift */,
				AEF02EE42899AD2E00B50B28 /* CoreDataPokemon.swift */,
				AEF02EE6289AE1BE00B50B28 /* PokemonAnnotation.swift */,
				AEF02ED02897FF0F00B50B28 /* Main.storyboard */,
				AEF02ED62897FF1300B50B28 /* Assets.xcassets */,
				AEF02ED82897FF1300B50B28 /* LaunchScreen.storyboard */,
				AEF02EDB2897FF1300B50B28 /* Info.plist */,
				AEF02ED32897FF0F00B50B28 /* PokemonGO.xcdatamodeld */,
			);
			path = PokemonGO;
			sourceTree = "<group>";
		};
		AEF02EE12897FFCD00B50B28 /* Frameworks */ = {
			isa = PBXGroup;
			children = (
				AEF02EE22897FFCD00B50B28 /* MapKit.framework */,
			);
			name = Frameworks;
			sourceTree = "<group>";
		};
/* End PBXGroup section */

/* Begin PBXNativeTarget section */
		AEF02EC62897FF0F00B50B28 /* PokemonGO */ = {
			isa = PBXNativeTarget;
			buildConfigurationList = AEF02EDE2897FF1300B50B28 /* Build configuration list for PBXNativeTarget "PokemonGO" */;
			buildPhases = (
				AEF02EC32897FF0F00B50B28 /* Sources */,
				AEF02EC42897FF0F00B50B28 /* Frameworks */,
				AEF02EC52897FF0F00B50B28 /* Resources */,
			);
			buildRules = (
			);
			dependencies = (
			);
			name = PokemonGO;
			productName = PokemonGO;
			productReference = AEF02EC72897FF0F00B50B28 /* PokemonGO.app */;
			productType = "com.apple.product-type.application";
		};
/* End PBXNativeTarget section */

/* Begin PBXProject section */
		AEF02EBF2897FF0E00B50B28 /* Project object */ = {
			isa = PBXProject;
			attributes = {
				BuildIndependentTargetsInParallel = 1;
				LastSwiftUpdateCheck = 1340;
				LastUpgradeCheck = 1340;
				TargetAttributes = {
					AEF02EC62897FF0F00B50B28 = {
						CreatedOnToolsVersion = 13.4.1;
					};
				};
			};
			buildConfigurationList = AEF02EC22897FF0E00B50B28 /* Build configuration list for PBXProject "PokemonGO" */;
			compatibilityVersion = "Xcode 13.0";
			developmentRegion = en;
			hasScannedForEncodings = 0;
			knownRegions = (
				en,
				Base,
			);
			mainGroup = AEF02EBE2897FF0E00B50B28;
			productRefGroup = AEF02EC82897FF0F00B50B28 /* Products */;
			projectDirPath = "";
			projectRoot = "";
			targets = (
				AEF02EC62897FF0F00B50B28 /* PokemonGO */,
			);
		};
/* End PBXProject section */

/* Begin PBXResourcesBuildPhase section */
		AEF02EC52897FF0F00B50B28 /* Resources */ = {
			isa = PBXResourcesBuildPhase;
			buildActionMask = 2147483647;
			files = (
				AEF02EDA2897FF1300B50B28 /* LaunchScreen.storyboard in Resources */,
				AEF02ED72897FF1300B50B28 /* Assets.xcassets in Resources */,
				AEF02ED22897FF0F00B50B28 /* Main.storyboard in Resources */,
			);
			runOnlyForDeploymentPostprocessing = 0;
		};
/* End PBXResourcesBuildPhase section */

/* Begin PBXSourcesBuildPhase section */
		AEF02EC32897FF0F00B50B28 /* Sources */ = {
			isa = PBXSourcesBuildPhase;
			buildActionMask = 2147483647;
			files = (
				AEF02ECF2897FF0F00B50B28 /* ViewController.swift in Sources */,
				AEF02ED52897FF0F00B50B28 /* PokemonGO.xcdatamodeld in Sources */,
				AEF02ECB2897FF0F00B50B28 /* AppDelegate.swift in Sources */,
				AEF02ECD2897FF0F00B50B28 /* SceneDelegate.swift in Sources */,
				AEF02EE9289AEC2900B50B28 /* PokeDexViewController.swift in Sources */,
				AEF02EE7289AE1BE00B50B28 /* PokemonAnnotation.swift in Sources */,
				AEF02EE52899AD2E00B50B28 /* CoreDataPokemon.swift in Sources */,
			);
			runOnlyForDeploymentPostprocessing = 0;
		};
/* End PBXSourcesBuildPhase section */

/* Begin PBXVariantGroup section */
		AEF02ED02897FF0F00B50B28 /* Main.storyboard */ = {
			isa = PBXVariantGroup;
			children = (
				AEF02ED12897FF0F00B50B28 /* Base */,
			);
			name = Main.storyboard;
			sourceTree = "<group>";
		};
		AEF02ED82897FF1300B50B28 /* LaunchScreen.storyboard */ = {
			isa = PBXVariantGroup;
			children = (
				AEF02ED92897FF1300B50B28 /* Base */,
			);
			name = LaunchScreen.storyboard;
			sourceTree = "<group>";
		};
/* End PBXVariantGroup section */

/* Begin XCBuildConfiguration section */
		AEF02EDC2897FF1300B50B28 /* Debug */ = {
			isa = XCBuildConfiguration;
			buildSettings = {
				ALWAYS_SEARCH_USER_PATHS = NO;
				CLANG_ANALYZER_NONNULL = YES;
				CLANG_ANALYZER_NUMBER_OBJECT_CONVERSION = YES_AGGRESSIVE;
				CLANG_CXX_LANGUAGE_STANDARD = "gnu++17";
				CLANG_ENABLE_MODULES = YES;
				CLANG_ENABLE_OBJC_ARC = YES;
				CLANG_ENABLE_OBJC_WEAK = YES;
				CLANG_WARN_BLOCK_CAPTURE_AUTORELEASING = YES;
				CLANG_WARN_BOOL_CONVERSION = YES;
				CLANG_WARN_COMMA = YES;
				CLANG_WARN_CONSTANT_CONVERSION = YES;
				CLANG_WARN_DEPRECATED_OBJC_IMPLEMENTATIONS = YES;
				CLANG_WARN_DIRECT_OBJC_ISA_USAGE = YES_ERROR;
				CLANG_WARN_DOCUMENTATION_COMMENTS = YES;
				CLANG_WARN_EMPTY_BODY = YES;
				CLANG_WARN_ENUM_CONVERSION = YES;
				CLANG_WARN_INFINITE_RECURSION = YES;
				CLANG_WARN_INT_CONVERSION = YES;
				CLANG_WARN_NON_LITERAL_NULL_CONVERSION = YES;
				CLANG_WARN_OBJC_IMPLICIT_RETAIN_SELF = YES;
				CLANG_WARN_OBJC_LITERAL_CONVERSION = YES;
				CLANG_WARN_OBJC_ROOT_CLASS = YES_ERROR;
				CLANG_WARN_QUOTED_INCLUDE_IN_FRAMEWORK_HEADER = YES;
				CLANG_WARN_RANGE_LOOP_ANALYSIS = YES;
				CLANG_WARN_STRICT_PROTOTYPES = YES;
				CLANG_WARN_SUSPICIOUS_MOVE = YES;
				CLANG_WARN_UNGUARDED_AVAILABILITY = YES_AGGRESSIVE;
				CLANG_WARN_UNREACHABLE_CODE = YES;
				CLANG_WARN__DUPLICATE_METHOD_MATCH = YES;
				COPY_PHASE_STRIP = NO;
				DEBUG_INFORMATION_FORMAT = dwarf;
				ENABLE_STRICT_OBJC_MSGSEND = YES;
				ENABLE_TESTABILITY = YES;
				GCC_C_LANGUAGE_STANDARD = gnu11;
				GCC_DYNAMIC_NO_PIC = NO;
				GCC_NO_COMMON_BLOCKS = YES;
				GCC_OPTIMIZATION_LEVEL = 0;
				GCC_PREPROCESSOR_DEFINITIONS = (
					"DEBUG=1",
					"$(inherited)",
				);
				GCC_WARN_64_TO_32_BIT_CONVERSION = YES;
				GCC_WARN_ABOUT_RETURN_TYPE = YES_ERROR;
				GCC_WARN_UNDECLARED_SELECTOR = YES;
				GCC_WARN_UNINITIALIZED_AUTOS = YES_AGGRESSIVE;
				GCC_WARN_UNUSED_FUNCTION = YES;
				GCC_WARN_UNUSED_VARIABLE = YES;
				IPHONEOS_DEPLOYMENT_TARGET = 15.5;
				MTL_ENABLE_DEBUG_INFO = INCLUDE_SOURCE;
				MTL_FAST_MATH = YES;
				ONLY_ACTIVE_ARCH = YES;
				SDKROOT = iphoneos;
				SWIFT_ACTIVE_COMPILATION_CONDITIONS = DEBUG;
				SWIFT_OPTIMIZATION_LEVEL = "-Onone";
			};
			name = Debug;
		};
		AEF02EDD2897FF1300B50B28 /* Release */ = {
			isa = XCBuildConfiguration;
			buildSettings = {
				ALWAYS_SEARCH_USER_PATHS = NO;
				CLANG_ANALYZER_NONNULL = YES;
				CLANG_ANALYZER_NUMBER_OBJECT_CONVERSION = YES_AGGRESSIVE;
				CLANG_CXX_LANGUAGE_STANDARD = "gnu++17";
				CLANG_ENABLE_MODULES = YES;
				CLANG_ENABLE_OBJC_ARC = YES;
				CLANG_ENABLE_OBJC_WEAK = YES;
				CLANG_WARN_BLOCK_CAPTURE_AUTORELEASING = YES;
				CLANG_WARN_BOOL_CONVERSION = YES;
				CLANG_WARN_COMMA = YES;
				CLANG_WARN_CONSTANT_CONVERSION = YES;
				CLANG_WARN_DEPRECATED_OBJC_IMPLEMENTATIONS = YES;
				CLANG_WARN_DIRECT_OBJC_ISA_USAGE = YES_ERROR;
				CLANG_WARN_DOCUMENTATION_COMMENTS = YES;
				CLANG_WARN_EMPTY_BODY = YES;
				CLANG_WARN_ENUM_CONVERSION = YES;
				CLANG_WARN_INFINITE_RECURSION = YES;
				CLANG_WARN_INT_CONVERSION = YES;
				CLANG_WARN_NON_LITERAL_NULL_CONVERSION = YES;
				CLANG_WARN_OBJC_IMPLICIT_RETAIN_SELF = YES;
				CLANG_WARN_OBJC_LITERAL_CONVERSION = YES;
				CLANG_WARN_OBJC_ROOT_CLASS = YES_ERROR;
				CLANG_WARN_QUOTED_INCLUDE_IN_FRAMEWORK_HEADER = YES;
				CLANG_WARN_RANGE_LOOP_ANALYSIS = YES;
				CLANG_WARN_STRICT_PROTOTYPES = YES;
				CLANG_WARN_SUSPICIOUS_MOVE = YES;
				CLANG_WARN_UNGUARDED_AVAILABILITY = YES_AGGRESSIVE;
				CLANG_WARN_UNREACHABLE_CODE = YES;
				CLANG_WARN__DUPLICATE_METHOD_MATCH = YES;
				COPY_PHASE_STRIP = NO;
				DEBUG_INFORMATION_FORMAT = "dwarf-with-dsym";
				ENABLE_NS_ASSERTIONS = NO;
				ENABLE_STRICT_OBJC_MSGSEND = YES;
				GCC_C_LANGUAGE_STANDARD = gnu11;
				GCC_NO_COMMON_BLOCKS = YES;
				GCC_WARN_64_TO_32_BIT_CONVERSION = YES;
				GCC_WARN_ABOUT_RETURN_TYPE = YES_ERROR;
				GCC_WARN_UNDECLARED_SELECTOR = YES;
				GCC_WARN_UNINITIALIZED_AUTOS = YES_AGGRESSIVE;
				GCC_WARN_UNUSED_FUNCTION = YES;
				GCC_WARN_UNUSED_VARIABLE = YES;
				IPHONEOS_DEPLOYMENT_TARGET = 15.5;
				MTL_ENABLE_DEBUG_INFO = NO;
				MTL_FAST_MATH = YES;
				SDKROOT = iphoneos;
				SWIFT_COMPILATION_MODE = wholemodule;
				SWIFT_OPTIMIZATION_LEVEL = "-O";
				VALIDATE_PRODUCT = YES;
			};
			name = Release;
		};
		AEF02EDF2897FF1300B50B28 /* Debug */ = {
			isa = XCBuildConfiguration;
			buildSettings = {
				ASSETCATALOG_COMPILER_APPICON_NAME = AppIcon;
				ASSETCATALOG_COMPILER_GLOBAL_ACCENT_COLOR_NAME = AccentColor;
				CODE_SIGN_STYLE = Automatic;
				CURRENT_PROJECT_VERSION = 1;
				GENERATE_INFOPLIST_FILE = YES;
				INFOPLIST_FILE = PokemonGO/Info.plist;
				INFOPLIST_KEY_CFBundleDisplayName = "Pokemon GO";
				INFOPLIST_KEY_NSLocationAlwaysAndWhenInUseUsageDescription = "We need your localization";
				INFOPLIST_KEY_NSLocationWhenInUseUsageDescription = "We need use your location";
				INFOPLIST_KEY_UIApplicationSupportsIndirectInputEvents = YES;
				INFOPLIST_KEY_UILaunchStoryboardName = LaunchScreen;
				INFOPLIST_KEY_UIMainStoryboardFile = Main;
				INFOPLIST_KEY_UISupportedInterfaceOrientations_iPad = "UIInterfaceOrientationPortrait UIInterfaceOrientationPortraitUpsideDown UIInterfaceOrientationLandscapeLeft UIInterfaceOrientationLandscapeRight";
				INFOPLIST_KEY_UISupportedInterfaceOrientations_iPhone = "UIInterfaceOrientationPortrait UIInterfaceOrientationLandscapeLeft UIInterfaceOrientationLandscapeRight";
				LD_RUNPATH_SEARCH_PATHS = (
					"$(inherited)",
					"@executable_path/Frameworks",
				);
				MARKETING_VERSION = 1.0;
				PRODUCT_BUNDLE_IDENTIFIER = com.cursoios.PokemonGO;
				PRODUCT_NAME = "$(TARGET_NAME)";
				SWIFT_EMIT_LOC_STRINGS = YES;
				SWIFT_VERSION = 5.0;
				TARGETED_DEVICE_FAMILY = "1,2";
			};
			name = Debug;
		};
		AEF02EE02897FF1300B50B28 /* Release */ = {
			isa = XCBuildConfiguration;
			buildSettings = {
				ASSETCATALOG_COMPILER_APPICON_NAME = AppIcon;
				ASSETCATALOG_COMPILER_GLOBAL_ACCENT_COLOR_NAME = AccentColor;
				CODE_SIGN_STYLE = Automatic;
				CURRENT_PROJECT_VERSION = 1;
				GENERATE_INFOPLIST_FILE = YES;
				INFOPLIST_FILE = PokemonGO/Info.plist;
				INFOPLIST_KEY_CFBundleDisplayName = "Pokemon GO";
				INFOPLIST_KEY_NSLocationAlwaysAndWhenInUseUsageDescription = "We need your localization";
				INFOPLIST_KEY_NSLocationWhenInUseUsageDescription = "We need use your location";
				INFOPLIST_KEY_UIApplicationSupportsIndirectInputEvents = YES;
				INFOPLIST_KEY_UILaunchStoryboardName = LaunchScreen;
				INFOPLIST_KEY_UIMainStoryboardFile = Main;
				INFOPLIST_KEY_UISupportedInterfaceOrientations_iPad = "UIInterfaceOrientationPortrait UIInterfaceOrientationPortraitUpsideDown UIInterfaceOrientationLandscapeLeft UIInterfaceOrientationLandscapeRight";
				INFOPLIST_KEY_UISupportedInterfaceOrientations_iPhone = "UIInterfaceOrientationPortrait UIInterfaceOrientationLandscapeLeft UIInterfaceOrientationLandscapeRight";
				LD_RUNPATH_SEARCH_PATHS = (
					"$(inherited)",
					"@executable_path/Frameworks",
				);
				MARKETING_VERSION = 1.0;
				PRODUCT_BUNDLE_IDENTIFIER = com.cursoios.PokemonGO;
				PRODUCT_NAME = "$(TARGET_NAME)";
				SWIFT_EMIT_LOC_STRINGS = YES;
				SWIFT_VERSION = 5.0;
				TARGETED_DEVICE_FAMILY = "1,2";
			};
			name = Release;
		};
/* End XCBuildConfiguration section */

/* Begin XCConfigurationList section */
		AEF02EC22897FF0E00B50B28 /* Build configuration list for PBXProject "PokemonGO" */ = {
			isa = XCConfigurationList;
			buildConfigurations = (
				AEF02EDC2897FF1300B50B28 /* Debug */,
				AEF02EDD2897FF1300B50B28 /* Release */,
			);
			defaultConfigurationIsVisible = 0;
			defaultConfigurationName = Release;
		};
		AEF02EDE2897FF1300B50B28 /* Build configuration list for PBXNativeTarget "PokemonGO" */ = {
			isa = XCConfigurationList;
			buildConfigurations = (
				AEF02EDF2897FF1300B50B28 /* Debug */,
				AEF02EE02897FF1300B50B28 /* Release */,
			);
			defaultConfigurationIsVisible = 0;
			defaultConfigurationName = Release;
		};
/* End XCConfigurationList section */

/* Begin XCVersionGroup section */
		AEF02ED32897FF0F00B50B28 /* PokemonGO.xcdatamodeld */ = {
			isa = XCVersionGroup;
			children = (
				AEF02ED42897FF0F00B50B28 /* PokemonGO.xcdatamodel */,
			);
			currentVersion = AEF02ED42897FF0F00B50B28 /* PokemonGO.xcdatamodel */;
			path = PokemonGO.xcdatamodeld;
			sourceTree = "<group>";
			versionGroupType = wrapper.xcdatamodel;
		};
/* End XCVersionGroup section */
	};
	rootObject = AEF02EBF2897FF0E00B50B28 /* Project object */;
}
